// !$*UTF8*$!
{
	archiveVersion = 1;
	classes = {
	};
	objectVersion = 46;
	objects = {

/* Begin PBXBuildFile section */
		DDCFF7391CA0F4EA00A2A983 /* main.m in Sources */ = {isa = PBXBuildFile; fileRef = DDCFF7381CA0F4EA00A2A983 /* main.m */; };
		DDCFF73C1CA0F4EA00A2A983 /* AppDelegate.m in Sources */ = {isa = PBXBuildFile; fileRef = DDCFF73B1CA0F4EA00A2A983 /* AppDelegate.m */; };
		DDCFF73F1CA0F4EA00A2A983 /* ViewController.m in Sources */ = {isa = PBXBuildFile; fileRef = DDCFF73E1CA0F4EA00A2A983 /* ViewController.m */; };
		DDCFF7421CA0F4EA00A2A983 /* Main.storyboard in Resources */ = {isa = PBXBuildFile; fileRef = DDCFF7401CA0F4EA00A2A983 /* Main.storyboard */; };
		DDCFF7441CA0F4EA00A2A983 /* Assets.xcassets in Resources */ = {isa = PBXBuildFile; fileRef = DDCFF7431CA0F4EA00A2A983 /* Assets.xcassets */; };
		DDCFF7471CA0F4EA00A2A983 /* LaunchScreen.storyboard in Resources */ = {isa = PBXBuildFile; fileRef = DDCFF7451CA0F4EA00A2A983 /* LaunchScreen.storyboard */; };
		DDCFF7521CA0F4EA00A2A983 /* rollingTests.m in Sources */ = {isa = PBXBuildFile; fileRef = DDCFF7511CA0F4EA00A2A983 /* rollingTests.m */; };
		DDCFF75D1CA0F4EA00A2A983 /* rollingUITests.m in Sources */ = {isa = PBXBuildFile; fileRef = DDCFF75C1CA0F4EA00A2A983 /* rollingUITests.m */; };
		DDCFF76C1CA0F56900A2A983 /* SCRollingCollectionViewCell.m in Sources */ = {isa = PBXBuildFile; fileRef = DDCFF76B1CA0F56900A2A983 /* SCRollingCollectionViewCell.m */; };
/* End PBXBuildFile section */

/* Begin PBXContainerItemProxy section */
		DDCFF74E1CA0F4EA00A2A983 /* PBXContainerItemProxy */ = {
			isa = PBXContainerItemProxy;
			containerPortal = DDCFF72C1CA0F4EA00A2A983 /* Project object */;
			proxyType = 1;
			remoteGlobalIDString = DDCFF7331CA0F4EA00A2A983;
			remoteInfo = rolling;
		};
		DDCFF7591CA0F4EA00A2A983 /* PBXContainerItemProxy */ = {
			isa = PBXContainerItemProxy;
			containerPortal = DDCFF72C1CA0F4EA00A2A983 /* Project object */;
			proxyType = 1;
			remoteGlobalIDString = DDCFF7331CA0F4EA00A2A983;
			remoteInfo = rolling;
		};
/* End PBXContainerItemProxy section */

/* Begin PBXFileReference section */
		DDCFF7341CA0F4EA00A2A983 /* rolling.app */ = {isa = PBXFileReference; explicitFileType = wrapper.application; includeInIndex = 0; path = rolling.app; sourceTree = BUILT_PRODUCTS_DIR; };
		DDCFF7381CA0F4EA00A2A983 /* main.m */ = {isa = PBXFileReference; lastKnownFileType = sourcecode.c.objc; path = main.m; sourceTree = "<group>"; };
		DDCFF73A1CA0F4EA00A2A983 /* AppDelegate.h */ = {isa = PBXFileReference; lastKnownFileType = sourcecode.c.h; path = AppDelegate.h; sourceTree = "<group>"; };
		DDCFF73B1CA0F4EA00A2A983 /* AppDelegate.m */ = {isa = PBXFileReference; lastKnownFileType = sourcecode.c.objc; path = AppDelegate.m; sourceTree = "<group>"; };
		DDCFF73D1CA0F4EA00A2A983 /* ViewController.h */ = {isa = PBXFileReference; lastKnownFileType = sourcecode.c.h; path = ViewController.h; sourceTree = "<group>"; };
		DDCFF73E1CA0F4EA00A2A983 /* ViewController.m */ = {isa = PBXFileReference; lastKnownFileType = sourcecode.c.objc; path = ViewController.m; sourceTree = "<group>"; };
		DDCFF7411CA0F4EA00A2A983 /* Base */ = {isa = PBXFileReference; lastKnownFileType = file.storyboard; name = Base; path = Base.lproj/Main.storyboard; sourceTree = "<group>"; };
		DDCFF7431CA0F4EA00A2A983 /* Assets.xcassets */ = {isa = PBXFileReference; lastKnownFileType = folder.assetcatalog; path = Assets.xcassets; sourceTree = "<group>"; };
		DDCFF7461CA0F4EA00A2A983 /* Base */ = {isa = PBXFileReference; lastKnownFileType = file.storyboard; name = Base; path = Base.lproj/LaunchScreen.storyboard; sourceTree = "<group>"; };
		DDCFF7481CA0F4EA00A2A983 /* Info.plist */ = {isa = PBXFileReference; lastKnownFileType = text.plist.xml; path = Info.plist; sourceTree = "<group>"; };
		DDCFF74D1CA0F4EA00A2A983 /* rollingTests.xctest */ = {isa = PBXFileReference; explicitFileType = wrapper.cfbundle; includeInIndex = 0; path = rollingTests.xctest; sourceTree = BUILT_PRODUCTS_DIR; };
		DDCFF7511CA0F4EA00A2A983 /* rollingTests.m */ = {isa = PBXFileReference; lastKnownFileType = sourcecode.c.objc; path = rollingTests.m; sourceTree = "<group>"; };
		DDCFF7531CA0F4EA00A2A983 /* Info.plist */ = {isa = PBXFileReference; lastKnownFileType = text.plist.xml; path = Info.plist; sourceTree = "<group>"; };
		DDCFF7581CA0F4EA00A2A983 /* rollingUITests.xctest */ = {isa = PBXFileReference; explicitFileType = wrapper.cfbundle; includeInIndex = 0; path = rollingUITests.xctest; sourceTree = BUILT_PRODUCTS_DIR; };
		DDCFF75C1CA0F4EA00A2A983 /* rollingUITests.m */ = {isa = PBXFileReference; lastKnownFileType = sourcecode.c.objc; path = rollingUITests.m; sourceTree = "<group>"; };
		DDCFF75E1CA0F4EA00A2A983 /* Info.plist */ = {isa = PBXFileReference; lastKnownFileType = text.plist.xml; path = Info.plist; sourceTree = "<group>"; };
		DDCFF76A1CA0F56900A2A983 /* SCRollingCollectionViewCell.h */ = {isa = PBXFileReference; fileEncoding = 4; lastKnownFileType = sourcecode.c.h; path = SCRollingCollectionViewCell.h; sourceTree = "<group>"; };
		DDCFF76B1CA0F56900A2A983 /* SCRollingCollectionViewCell.m */ = {isa = PBXFileReference; fileEncoding = 4; lastKnownFileType = sourcecode.c.objc; path = SCRollingCollectionViewCell.m; sourceTree = "<group>"; };
/* End PBXFileReference section */

/* Begin PBXFrameworksBuildPhase section */
		DDCFF7311CA0F4EA00A2A983 /* Frameworks */ = {
			isa = PBXFrameworksBuildPhase;
			buildActionMask = 2147483647;
			files = (
			);
			runOnlyForDeploymentPostprocessing = 0;
		};
		DDCFF74A1CA0F4EA00A2A983 /* Frameworks */ = {
			isa = PBXFrameworksBuildPhase;
			buildActionMask = 2147483647;
			files = (
			);
			runOnlyForDeploymentPostprocessing = 0;
		};
		DDCFF7551CA0F4EA00A2A983 /* Frameworks */ = {
			isa = PBXFrameworksBuildPhase;
			buildActionMask = 2147483647;
			files = (
			);
			runOnlyForDeploymentPostprocessing = 0;
		};
/* End PBXFrameworksBuildPhase section */

/* Begin PBXGroup section */
		DDCFF72B1CA0F4EA00A2A983 = {
			isa = PBXGroup;
			children = (
				DDCFF7361CA0F4EA00A2A983 /* rolling */,
				DDCFF7501CA0F4EA00A2A983 /* rollingTests */,
				DDCFF75B1CA0F4EA00A2A983 /* rollingUITests */,
				DDCFF7351CA0F4EA00A2A983 /* Products */,
			);
			sourceTree = "<group>";
		};
		DDCFF7351CA0F4EA00A2A983 /* Products */ = {
			isa = PBXGroup;
			children = (
				DDCFF7341CA0F4EA00A2A983 /* rolling.app */,
				DDCFF74D1CA0F4EA00A2A983 /* rollingTests.xctest */,
				DDCFF7581CA0F4EA00A2A983 /* rollingUITests.xctest */,
			);
			name = Products;
			sourceTree = "<group>";
		};
		DDCFF7361CA0F4EA00A2A983 /* rolling */ = {
			isa = PBXGroup;
			children = (
				DDCFF73A1CA0F4EA00A2A983 /* AppDelegate.h */,
				DDCFF73B1CA0F4EA00A2A983 /* AppDelegate.m */,
				DDCFF73D1CA0F4EA00A2A983 /* ViewController.h */,
				DDCFF73E1CA0F4EA00A2A983 /* ViewController.m */,
				DDCFF7401CA0F4EA00A2A983 /* Main.storyboard */,
				DDCFF7431CA0F4EA00A2A983 /* Assets.xcassets */,
				DDCFF7451CA0F4EA00A2A983 /* LaunchScreen.storyboard */,
				DDCFF7481CA0F4EA00A2A983 /* Info.plist */,
				DDCFF7371CA0F4EA00A2A983 /* Supporting Files */,
				DDCFF76A1CA0F56900A2A983 /* SCRollingCollectionViewCell.h */,
				DDCFF76B1CA0F56900A2A983 /* SCRollingCollectionViewCell.m */,
			);
			path = rolling;
			sourceTree = "<group>";
		};
		DDCFF7371CA0F4EA00A2A983 /* Supporting Files */ = {
			isa = PBXGroup;
			children = (
				DDCFF7381CA0F4EA00A2A983 /* main.m */,
			);
			name = "Supporting Files";
			sourceTree = "<group>";
		};
		DDCFF7501CA0F4EA00A2A983 /* rollingTests */ = {
			isa = PBXGroup;
			children = (
				DDCFF7511CA0F4EA00A2A983 /* rollingTests.m */,
				DDCFF7531CA0F4EA00A2A983 /* Info.plist */,
			);
			path = rollingTests;
			sourceTree = "<group>";
		};
		DDCFF75B1CA0F4EA00A2A983 /* rollingUITests */ = {
			isa = PBXGroup;
			children = (
				DDCFF75C1CA0F4EA00A2A983 /* rollingUITests.m */,
				DDCFF75E1CA0F4EA00A2A983 /* Info.plist */,
			);
			path = rollingUITests;
			sourceTree = "<group>";
		};
/* End PBXGroup section */

/* Begin PBXNativeTarget section */
		DDCFF7331CA0F4EA00A2A983 /* rolling */ = {
			isa = PBXNativeTarget;
			buildConfigurationList = DDCFF7611CA0F4EA00A2A983 /* Build configuration list for PBXNativeTarget "rolling" */;
			buildPhases = (
				DDCFF7301CA0F4EA00A2A983 /* Sources */,
				DDCFF7311CA0F4EA00A2A983 /* Frameworks */,
				DDCFF7321CA0F4EA00A2A983 /* Resources */,
			);
			buildRules = (
			);
			dependencies = (
			);
			name = rolling;
			productName = rolling;
			productReference = DDCFF7341CA0F4EA00A2A983 /* rolling.app */;
			productType = "com.apple.product-type.application";
		};
		DDCFF74C1CA0F4EA00A2A983 /* rollingTests */ = {
			isa = PBXNativeTarget;
			buildConfigurationList = DDCFF7641CA0F4EA00A2A983 /* Build configuration list for PBXNativeTarget "rollingTests" */;
			buildPhases = (
				DDCFF7491CA0F4EA00A2A983 /* Sources */,
				DDCFF74A1CA0F4EA00A2A983 /* Frameworks */,
				DDCFF74B1CA0F4EA00A2A983 /* Resources */,
			);
			buildRules = (
			);
			dependencies = (
				DDCFF74F1CA0F4EA00A2A983 /* PBXTargetDependency */,
			);
			name = rollingTests;
			productName = rollingTests;
			productReference = DDCFF74D1CA0F4EA00A2A983 /* rollingTests.xctest */;
			productType = "com.apple.product-type.bundle.unit-test";
		};
		DDCFF7571CA0F4EA00A2A983 /* rollingUITests */ = {
			isa = PBXNativeTarget;
			buildConfigurationList = DDCFF7671CA0F4EA00A2A983 /* Build configuration list for PBXNativeTarget "rollingUITests" */;
			buildPhases = (
				DDCFF7541CA0F4EA00A2A983 /* Sources */,
				DDCFF7551CA0F4EA00A2A983 /* Frameworks */,
				DDCFF7561CA0F4EA00A2A983 /* Resources */,
			);
			buildRules = (
			);
			dependencies = (
				DDCFF75A1CA0F4EA00A2A983 /* PBXTargetDependency */,
			);
			name = rollingUITests;
			productName = rollingUITests;
			productReference = DDCFF7581CA0F4EA00A2A983 /* rollingUITests.xctest */;
			productType = "com.apple.product-type.bundle.ui-testing";
		};
/* End PBXNativeTarget section */

/* Begin PBXProject section */
		DDCFF72C1CA0F4EA00A2A983 /* Project object */ = {
			isa = PBXProject;
			attributes = {
				LastUpgradeCheck = 0720;
				ORGANIZATIONNAME = r_zhou;
				TargetAttributes = {
					DDCFF7331CA0F4EA00A2A983 = {
						CreatedOnToolsVersion = 7.2;
					};
					DDCFF74C1CA0F4EA00A2A983 = {
						CreatedOnToolsVersion = 7.2;
						TestTargetID = DDCFF7331CA0F4EA00A2A983;
					};
					DDCFF7571CA0F4EA00A2A983 = {
						CreatedOnToolsVersion = 7.2;
						TestTargetID = DDCFF7331CA0F4EA00A2A983;
					};
				};
			};
			buildConfigurationList = DDCFF72F1CA0F4EA00A2A983 /* Build configuration list for PBXProject "rolling" */;
			compatibilityVersion = "Xcode 3.2";
			developmentRegion = English;
			hasScannedForEncodings = 0;
			knownRegions = (
				en,
				Base,
			);
			mainGroup = DDCFF72B1CA0F4EA00A2A983;
			productRefGroup = DDCFF7351CA0F4EA00A2A983 /* Products */;
			projectDirPath = "";
			projectRoot = "";
			targets = (
				DDCFF7331CA0F4EA00A2A983 /* rolling */,
				DDCFF74C1CA0F4EA00A2A983 /* rollingTests */,
				DDCFF7571CA0F4EA00A2A983 /* rollingUITests */,
			);
		};
/* End PBXProject section */

/* Begin PBXResourcesBuildPhase section */
		DDCFF7321CA0F4EA00A2A983 /* Resources */ = {
			isa = PBXResourcesBuildPhase;
			buildActionMask = 2147483647;
			files = (
				DDCFF7471CA0F4EA00A2A983 /* LaunchScreen.storyboard in Resources */,
				DDCFF7441CA0F4EA00A2A983 /* Assets.xcassets in Resources */,
				DDCFF7421CA0F4EA00A2A983 /* Main.storyboard in Resources */,
			);
			runOnlyForDeploymentPostprocessing = 0;
		};
		DDCFF74B1CA0F4EA00A2A983 /* Resources */ = {
			isa = PBXResourcesBuildPhase;
			buildActionMask = 2147483647;
			files = (
			);
			runOnlyForDeploymentPostprocessing = 0;
		};
		DDCFF7561CA0F4EA00A2A983 /* Resources */ = {
			isa = PBXResourcesBuildPhase;
			buildActionMask = 2147483647;
			files = (
			);
			runOnlyForDeploymentPostprocessing = 0;
		};
/* End PBXResourcesBuildPhase section */

/* Begin PBXSourcesBuildPhase section */
		DDCFF7301CA0F4EA00A2A983 /* Sources */ = {
			isa = PBXSourcesBuildPhase;
			buildActionMask = 2147483647;
			files = (
				DDCFF76C1CA0F56900A2A983 /* SCRollingCollectionViewCell.m in Sources */,
				DDCFF73F1CA0F4EA00A2A983 /* ViewController.m in Sources */,
				DDCFF73C1CA0F4EA00A2A983 /* AppDelegate.m in Sources */,
				DDCFF7391CA0F4EA00A2A983 /* main.m in Sources */,
			);
			runOnlyForDeploymentPostprocessing = 0;
		};
		DDCFF7491CA0F4EA00A2A983 /* Sources */ = {
			isa = PBXSourcesBuildPhase;
			buildActionMask = 2147483647;
			files = (
				DDCFF7521CA0F4EA00A2A983 /* rollingTests.m in Sources */,
			);
			runOnlyForDeploymentPostprocessing = 0;
		};
		DDCFF7541CA0F4EA00A2A983 /* Sources */ = {
			isa = PBXSourcesBuildPhase;
			buildActionMask = 2147483647;
			files = (
				DDCFF75D1CA0F4EA00A2A983 /* rollingUITests.m in Sources */,
			);
			runOnlyForDeploymentPostprocessing = 0;
		};
/* End PBXSourcesBuildPhase section */

/* Begin PBXTargetDependency section */
		DDCFF74F1CA0F4EA00A2A983 /* PBXTargetDependency */ = {
			isa = PBXTargetDependency;
			target = DDCFF7331CA0F4EA00A2A983 /* rolling */;
			targetProxy = DDCFF74E1CA0F4EA00A2A983 /* PBXContainerItemProxy */;
		};
		DDCFF75A1CA0F4EA00A2A983 /* PBXTargetDependency */ = {
			isa = PBXTargetDependency;
			target = DDCFF7331CA0F4EA00A2A983 /* rolling */;
			targetProxy = DDCFF7591CA0F4EA00A2A983 /* PBXContainerItemProxy */;
		};
/* End PBXTargetDependency section */

/* Begin PBXVariantGroup section */
		DDCFF7401CA0F4EA00A2A983 /* Main.storyboard */ = {
			isa = PBXVariantGroup;
			children = (
				DDCFF7411CA0F4EA00A2A983 /* Base */,
			);
			name = Main.storyboard;
			sourceTree = "<group>";
		};
		DDCFF7451CA0F4EA00A2A983 /* LaunchScreen.storyboard */ = {
			isa = PBXVariantGroup;
			children = (
				DDCFF7461CA0F4EA00A2A983 /* Base */,
			);
			name = LaunchScreen.storyboard;
			sourceTree = "<group>";
		};
/* End PBXVariantGroup section */

/* Begin XCBuildConfiguration section */
		DDCFF75F1CA0F4EA00A2A983 /* Debug */ = {
			isa = XCBuildConfiguration;
			buildSettings = {
				ALWAYS_SEARCH_USER_PATHS = NO;
				CLANG_CXX_LANGUAGE_STANDARD = "gnu++0x";
				CLANG_CXX_LIBRARY = "libc++";
				CLANG_ENABLE_MODULES = YES;
				CLANG_ENABLE_OBJC_ARC = YES;
				CLANG_WARN_BOOL_CONVERSION = YES;
				CLANG_WARN_CONSTANT_CONVERSION = YES;
				CLANG_WARN_DIRECT_OBJC_ISA_USAGE = YES_ERROR;
				CLANG_WARN_EMPTY_BODY = YES;
				CLANG_WARN_ENUM_CONVERSION = YES;
				CLANG_WARN_INT_CONVERSION = YES;
				CLANG_WARN_OBJC_ROOT_CLASS = YES_ERROR;
				CLANG_WARN_UNREACHABLE_CODE = YES;
				CLANG_WARN__DUPLICATE_METHOD_MATCH = YES;
				"CODE_SIGN_IDENTITY[sdk=iphoneos*]" = "iPhone Developer";
				COPY_PHASE_STRIP = NO;
				DEBUG_INFORMATION_FORMAT = dwarf;
				ENABLE_STRICT_OBJC_MSGSEND = YES;
				ENABLE_TESTABILITY = YES;
				GCC_C_LANGUAGE_STANDARD = gnu99;
				GCC_DYNAMIC_NO_PIC = NO;
				GCC_NO_COMMON_BLOCKS = YES;
				GCC_OPTIMIZATION_LEVEL = 0;
				GCC_PREPROCESSOR_DEFINITIONS = (
					"DEBUG=1",
					"$(inherited)",
				);
				GCC_WARN_64_TO_32_BIT_CONVERSION = YES;
				GCC_WARN_ABOUT_RETURN_TYPE = YES_ERROR;
				GCC_WARN_UNDECLARED_SELECTOR = YES;
				GCC_WARN_UNINITIALIZED_AUTOS = YES_AGGRESSIVE;
				GCC_WARN_UNUSED_FUNCTION = YES;
				GCC_WARN_UNUSED_VARIABLE = YES;
				IPHONEOS_DEPLOYMENT_TARGET = 9.2;
				MTL_ENABLE_DEBUG_INFO = YES;
				ONLY_ACTIVE_ARCH = YES;
				SDKROOT = iphoneos;
			};
			name = Debug;
		};
		DDCFF7601CA0F4EA00A2A983 /* Release */ = {
			isa = XCBuildConfiguration;
			buildSettings = {
				ALWAYS_SEARCH_USER_PATHS = NO;
				CLANG_CXX_LANGUAGE_STANDARD = "gnu++0x";
				CLANG_CXX_LIBRARY = "libc++";
				CLANG_ENABLE_MODULES = YES;
				CLANG_ENABLE_OBJC_ARC = YES;
				CLANG_WARN_BOOL_CONVERSION = YES;
				CLANG_WARN_CONSTANT_CONVERSION = YES;
				CLANG_WARN_DIRECT_OBJC_ISA_USAGE = YES_ERROR;
				CLANG_WARN_EMPTY_BODY = YES;
				CLANG_WARN_ENUM_CONVERSION = YES;
				CLANG_WARN_INT_CONVERSION = YES;
				CLANG_WARN_OBJC_ROOT_CLASS = YES_ERROR;
				CLANG_WARN_UNREACHABLE_CODE = YES;
				CLANG_WARN__DUPLICATE_METHOD_MATCH = YES;
				"CODE_SIGN_IDENTITY[sdk=iphoneos*]" = "iPhone Developer";
				COPY_PHASE_STRIP = NO;
				DEBUG_INFORMATION_FORMAT = "dwarf-with-dsym";
				ENABLE_NS_ASSERTIONS = NO;
				ENABLE_STRICT_OBJC_MSGSEND = YES;
				GCC_C_LANGUAGE_STANDARD = gnu99;
				GCC_NO_COMMON_BLOCKS = YES;
				GCC_WARN_64_TO_32_BIT_CONVERSION = YES;
				GCC_WARN_ABOUT_RETURN_TYPE = YES_ERROR;
				GCC_WARN_UNDECLARED_SELECTOR = YES;
				GCC_WARN_UNINITIALIZED_AUTOS = YES_AGGRESSIVE;
				GCC_WARN_UNUSED_FUNCTION = YES;
				GCC_WARN_UNUSED_VARIABLE = YES;
				IPHONEOS_DEPLOYMENT_TARGET = 9.2;
				MTL_ENABLE_DEBUG_INFO = NO;
				SDKROOT = iphoneos;
				VALIDATE_PRODUCT = YES;
			};
			name = Release;
		};
		DDCFF7621CA0F4EA00A2A983 /* Debug */ = {
			isa = XCBuildConfiguration;
			buildSettings = {
				ASSETCATALOG_COMPILER_APPICON_NAME = AppIcon;
				INFOPLIST_FILE = rolling/Info.plist;
				LD_RUNPATH_SEARCH_PATHS = "$(inherited) @executable_path/Frameworks";
				PRODUCT_BUNDLE_IDENTIFIER = com.Umeng.rolling;
				PRODUCT_NAME = "$(TARGET_NAME)";
			};
			name = Debug;
		};
		DDCFF7631CA0F4EA00A2A983 /* Release */ = {
			isa = XCBuildConfiguration;
			buildSettings = {
				ASSETCATALOG_COMPILER_APPICON_NAME = AppIcon;
				INFOPLIST_FILE = rolling/Info.plist;
				LD_RUNPATH_SEARCH_PATHS = "$(inherited) @executable_path/Frameworks";
				PRODUCT_BUNDLE_IDENTIFIER = com.Umeng.rolling;
				PRODUCT_NAME = "$(TARGET_NAME)";
			};
			name = Release;
		};
		DDCFF7651CA0F4EA00A2A983 /* Debug */ = {
			isa = XCBuildConfiguration;
			buildSettings = {
				BUNDLE_LOADER = "$(TEST_HOST)";
				INFOPLIST_FILE = rollingTests/Info.plist;
				LD_RUNPATH_SEARCH_PATHS = "$(inherited) @executable_path/Frameworks @loader_path/Frameworks";
				PRODUCT_BUNDLE_IDENTIFIER = com.Umeng.rollingTests;
				PRODUCT_NAME = "$(TARGET_NAME)";
				TEST_HOST = "$(BUILT_PRODUCTS_DIR)/rolling.app/rolling";
			};
			name = Debug;
		};
		DDCFF7661CA0F4EA00A2A983 /* Release */ = {
			isa = XCBuildConfiguration;
			buildSettings = {
				BUNDLE_LOADER = "$(TEST_HOST)";
				INFOPLIST_FILE = rollingTests/Info.plist;
				LD_RUNPATH_SEARCH_PATHS = "$(inherited) @executable_path/Frameworks @loader_path/Frameworks";
				PRODUCT_BUNDLE_IDENTIFIER = com.Umeng.rollingTests;
				PRODUCT_NAME = "$(TARGET_NAME)";
				TEST_HOST = "$(BUILT_PRODUCTS_DIR)/rolling.app/rolling";
			};
			name = Release;
		};
		DDCFF7681CA0F4EA00A2A983 /* Debug */ = {
			isa = XCBuildConfiguration;
			buildSettings = {
				INFOPLIST_FILE = rollingUITests/Info.plist;
				LD_RUNPATH_SEARCH_PATHS = "$(inherited) @executable_path/Frameworks @loader_path/Frameworks";
				PRODUCT_BUNDLE_IDENTIFIER = com.Umeng.rollingUITests;
				PRODUCT_NAME = "$(TARGET_NAME)";
				TEST_TARGET_NAME = rolling;
				USES_XCTRUNNER = YES;
			};
			name = Debug;
		};
		DDCFF7691CA0F4EA00A2A983 /* Release */ = {
			isa = XCBuildConfiguration;
			buildSettings = {
				INFOPLIST_FILE = rollingUITests/Info.plist;
				LD_RUNPATH_SEARCH_PATHS = "$(inherited) @executable_path/Frameworks @loader_path/Frameworks";
				PRODUCT_BUNDLE_IDENTIFIER = com.Umeng.rollingUITests;
				PRODUCT_NAME = "$(TARGET_NAME)";
				TEST_TARGET_NAME = rolling;
				USES_XCTRUNNER = YES;
			};
			name = Release;
		};
/* End XCBuildConfiguration section */

/* Begin XCConfigurationList section */
		DDCFF72F1CA0F4EA00A2A983 /* Build configuration list for PBXProject "rolling" */ = {
			isa = XCConfigurationList;
			buildConfigurations = (
				DDCFF75F1CA0F4EA00A2A983 /* Debug */,
				DDCFF7601CA0F4EA00A2A983 /* Release */,
			);
			defaultConfigurationIsVisible = 0;
			defaultConfigurationName = Release;
		};
		DDCFF7611CA0F4EA00A2A983 /* Build configuration list for PBXNativeTarget "rolling" */ = {
			isa = XCConfigurationList;
			buildConfigurations = (
				DDCFF7621CA0F4EA00A2A983 /* Debug */,
				DDCFF7631CA0F4EA00A2A983 /* Release */,
			);
			defaultConfigurationIsVisible = 0;
		};
		DDCFF7641CA0F4EA00A2A983 /* Build configuration list for PBXNativeTarget "rollingTests" */ = {
			isa = XCConfigurationList;
			buildConfigurations = (
				DDCFF7651CA0F4EA00A2A983 /* Debug */,
				DDCFF7661CA0F4EA00A2A983 /* Release */,
			);
			defaultConfigurationIsVisible = 0;
		};
		DDCFF7671CA0F4EA00A2A983 /* Build configuration list for PBXNativeTarget "rollingUITests" */ = {
			isa = XCConfigurationList;
			buildConfigurations = (
				DDCFF7681CA0F4EA00A2A983 /* Debug */,
				DDCFF7691CA0F4EA00A2A983 /* Release */,
			);
			defaultConfigurationIsVisible = 0;
		};
/* End XCConfigurationList section */
	};
	rootObject = DDCFF72C1CA0F4EA00A2A983 /* Project object */;
}
